
Microsoft Visual Studio Solution File, Format Version 12.00
# Visual Studio Version 17
VisualStudioVersion = 17.14.36705.20 d17.14
MinimumVisualStudioVersion = 10.0.40219.1
Project("{FAE04EC0-301F-11D3-BF4B-00C04F79EFBC}") = "MarcoPortefolioServer", "MarcoPortefolioServer.csproj", "{C93484CE-7910-48A8-BE68-1879CFF67AEE}"
EndProject
Global
	GlobalSection(SolutionConfigurationPlatforms) = preSolution
		Debug|Any CPU = Debug|Any CPU
		Release|Any CPU = Release|Any CPU
	EndGlobalSection
	GlobalSection(ProjectConfigurationPlatforms) = postSolution
		{C93484CE-7910-48A8-BE68-1879CFF67AEE}.Debug|Any CPU.ActiveCfg = Debug|Any CPU
		{C93484CE-7910-48A8-BE68-1879CFF67AEE}.Debug|Any CPU.Build.0 = Debug|Any CPU
		{C93484CE-7910-48A8-BE68-1879CFF67AEE}.Release|Any CPU.ActiveCfg = Release|Any CPU
		{C93484CE-7910-48A8-BE68-1879CFF67AEE}.Release|Any CPU.Build.0 = Release|Any CPU
	EndGlobalSection
	GlobalSection(SolutionProperties) = preSolution
		HideSolutionNode = FALSE
	EndGlobalSection
	GlobalSection(ExtensibilityGlobals) = postSolution
		SolutionGuid = {F2E1DB8A-B54C-474F-8E83-14F1AF7D23F8}
	EndGlobalSection
EndGlobal
